
Microsoft Visual Studio Solution File, Format Version 12.00
# Visual Studio Version 17
VisualStudioVersion = 17.8.34330.188
MinimumVisualStudioVersion = 10.0.40219.1
Project("{FAE04EC0-301F-11D3-BF4B-00C04F79EFBC}") = "lab8", "lab8\lab8.csproj", "{91DAD30C-45A6-46D6-9C64-801E4E0ED80B}"
EndProject
Global
	GlobalSection(SolutionConfigurationPlatforms) = preSolution
		Debug|Any CPU = Debug|Any CPU
		Release|Any CPU = Release|Any CPU
	EndGlobalSection
	GlobalSection(ProjectConfigurationPlatforms) = postSolution
		{91DAD30C-45A6-46D6-9C64-801E4E0ED80B}.Debug|Any CPU.ActiveCfg = Debug|Any CPU
		{91DAD30C-45A6-46D6-9C64-801E4E0ED80B}.Debug|Any CPU.Build.0 = Debug|Any CPU
		{91DAD30C-45A6-46D6-9C64-801E4E0ED80B}.Release|Any CPU.ActiveCfg = Release|Any CPU
		{91DAD30C-45A6-46D6-9C64-801E4E0ED80B}.Release|Any CPU.Build.0 = Release|Any CPU
	EndGlobalSection
	GlobalSection(SolutionProperties) = preSolution
		HideSolutionNode = FALSE
	EndGlobalSection
	GlobalSection(ExtensibilityGlobals) = postSolution
		SolutionGuid = {79281530-7C00-403A-841D-7F3BFDCDD15B}
	EndGlobalSection
EndGlobal
